
Microsoft Visual Studio Solution File, Format Version 12.00
# Visual Studio 15
VisualStudioVersion = 15.0.27428.2027
MinimumVisualStudioVersion = 10.0.40219.1
Project("{FAE04EC0-301F-11D3-BF4B-00C04F79EFBC}") = "CoreTest", "CoreTest\CoreTest.csproj", "{F86C94F1-9894-4D06-A6CC-F241A29BA344}"
EndProject
Global
	GlobalSection(SolutionConfigurationPlatforms) = preSolution
		Debug|Any CPU = Debug|Any CPU
		Release|Any CPU = Release|Any CPU
	EndGlobalSection
	GlobalSection(ProjectConfigurationPlatforms) = postSolution
		{F86C94F1-9894-4D06-A6CC-F241A29BA344}.Debug|Any CPU.ActiveCfg = Debug|Any CPU
		{F86C94F1-9894-4D06-A6CC-F241A29BA344}.Debug|Any CPU.Build.0 = Debug|Any CPU
		{F86C94F1-9894-4D06-A6CC-F241A29BA344}.Release|Any CPU.ActiveCfg = Release|Any CPU
		{F86C94F1-9894-4D06-A6CC-F241A29BA344}.Release|Any CPU.Build.0 = Release|Any CPU
	EndGlobalSection
	GlobalSection(SolutionProperties) = preSolution
		HideSolutionNode = FALSE
	EndGlobalSection
	GlobalSection(ExtensibilityGlobals) = postSolution
		SolutionGuid = {9AED430D-BC76-4B8C-8C69-C89403EEB271}
	EndGlobalSection
EndGlobal
